
Microsoft Visual Studio Solution File, Format Version 12.00
# Visual Studio Version 17
VisualStudioVersion = 17.4.33110.190
MinimumVisualStudioVersion = 10.0.40219.1
Project("{FAE04EC0-301F-11D3-BF4B-00C04F79EFBC}") = "pr2_1", "pr2_1\pr2_1.csproj", "{BB4EAAC6-E0BB-4D92-9ECD-F35F2FDFD6A6}"
EndProject
Global
	GlobalSection(SolutionConfigurationPlatforms) = preSolution
		Debug|Any CPU = Debug|Any CPU
		Release|Any CPU = Release|Any CPU
	EndGlobalSection
	GlobalSection(ProjectConfigurationPlatforms) = postSolution
		{BB4EAAC6-E0BB-4D92-9ECD-F35F2FDFD6A6}.Debug|Any CPU.ActiveCfg = Debug|Any CPU
		{BB4EAAC6-E0BB-4D92-9ECD-F35F2FDFD6A6}.Debug|Any CPU.Build.0 = Debug|Any CPU
		{BB4EAAC6-E0BB-4D92-9ECD-F35F2FDFD6A6}.Release|Any CPU.ActiveCfg = Release|Any CPU
		{BB4EAAC6-E0BB-4D92-9ECD-F35F2FDFD6A6}.Release|Any CPU.Build.0 = Release|Any CPU
	EndGlobalSection
	GlobalSection(SolutionProperties) = preSolution
		HideSolutionNode = FALSE
	EndGlobalSection
	GlobalSection(ExtensibilityGlobals) = postSolution
		SolutionGuid = {F1D63C78-C26C-4C36-9C63-31982B09408D}
	EndGlobalSection
EndGlobal
